// !$*UTF8*$!
{
	archiveVersion = 1;
	classes = {
	};
	objectVersion = 56;
	objects = {

/* Begin PBXBuildFile section */
		A91EA6D329A661850090B0BB /* AppDelegate.swift in Sources */ = {isa = PBXBuildFile; fileRef = A91EA6D229A661850090B0BB /* AppDelegate.swift */; };
		A91EA6D529A661850090B0BB /* SceneDelegate.swift in Sources */ = {isa = PBXBuildFile; fileRef = A91EA6D429A661850090B0BB /* SceneDelegate.swift */; };
		A91EA6D729A661850090B0BB /* MovieHomeController.swift in Sources */ = {isa = PBXBuildFile; fileRef = A91EA6D629A661850090B0BB /* MovieHomeController.swift */; };
		A91EA6DA29A661850090B0BB /* Main.storyboard in Resources */ = {isa = PBXBuildFile; fileRef = A91EA6D829A661850090B0BB /* Main.storyboard */; };
		A91EA6DC29A661860090B0BB /* Assets.xcassets in Resources */ = {isa = PBXBuildFile; fileRef = A91EA6DB29A661860090B0BB /* Assets.xcassets */; };
		A91EA6DF29A661860090B0BB /* LaunchScreen.storyboard in Resources */ = {isa = PBXBuildFile; fileRef = A91EA6DD29A661860090B0BB /* LaunchScreen.storyboard */; };
		A91EA6EA29A661860090B0BB /* MVVM_MovieTests.swift in Sources */ = {isa = PBXBuildFile; fileRef = A91EA6E929A661860090B0BB /* MVVM_MovieTests.swift */; };
		A91EA6F429A661860090B0BB /* MVVM_MovieUITests.swift in Sources */ = {isa = PBXBuildFile; fileRef = A91EA6F329A661860090B0BB /* MVVM_MovieUITests.swift */; };
		A91EA6F629A661860090B0BB /* MVVM_MovieUITestsLaunchTests.swift in Sources */ = {isa = PBXBuildFile; fileRef = A91EA6F529A661860090B0BB /* MVVM_MovieUITestsLaunchTests.swift */; };
		A91EA71229A668D80090B0BB /* MovieModel.swift in Sources */ = {isa = PBXBuildFile; fileRef = A91EA71129A668D80090B0BB /* MovieModel.swift */; };
		A91EA71429A67C620090B0BB /* ServiceManager.swift in Sources */ = {isa = PBXBuildFile; fileRef = A91EA71329A67C620090B0BB /* ServiceManager.swift */; };
		A91EA71729A73D490090B0BB /* MovieHomeCell.swift in Sources */ = {isa = PBXBuildFile; fileRef = A91EA71629A73D490090B0BB /* MovieHomeCell.swift */; };
		A91EA71929A782060090B0BB /* MovieListViewModel.swift in Sources */ = {isa = PBXBuildFile; fileRef = A91EA71829A782060090B0BB /* MovieListViewModel.swift */; };
		A91F731329B5E18A00662F21 /* MovieListViewModelDelegate.swift in Sources */ = {isa = PBXBuildFile; fileRef = A91F731229B5E18A00662F21 /* MovieListViewModelDelegate.swift */; };
		A975E8D529B23B080003FE20 /* ServiceManagerDelegate.swift in Sources */ = {isa = PBXBuildFile; fileRef = A975E8D429B23B080003FE20 /* ServiceManagerDelegate.swift */; };
		A9D0696329A8E6E2006D5432 /* ExtensionsAndEnum.swift in Sources */ = {isa = PBXBuildFile; fileRef = A9D0696229A8E6E2006D5432 /* ExtensionsAndEnum.swift */; };
		A9D0696729ACD319006D5432 /* OverviewVC.swift in Sources */ = {isa = PBXBuildFile; fileRef = A9D0696629ACD319006D5432 /* OverviewVC.swift */; };
/* End PBXBuildFile section */

/* Begin PBXContainerItemProxy section */
		A91EA6E629A661860090B0BB /* PBXContainerItemProxy */ = {
			isa = PBXContainerItemProxy;
			containerPortal = A91EA6C729A661850090B0BB /* Project object */;
			proxyType = 1;
			remoteGlobalIDString = A91EA6CE29A661850090B0BB;
			remoteInfo = "MVVM Movie";
		};
		A91EA6F029A661860090B0BB /* PBXContainerItemProxy */ = {
			isa = PBXContainerItemProxy;
			containerPortal = A91EA6C729A661850090B0BB /* Project object */;
			proxyType = 1;
			remoteGlobalIDString = A91EA6CE29A661850090B0BB;
			remoteInfo = "MVVM Movie";
		};
/* End PBXContainerItemProxy section */

/* Begin PBXFileReference section */
		A91EA6CF29A661850090B0BB /* MVVM Movie.app */ = {isa = PBXFileReference; explicitFileType = wrapper.application; includeInIndex = 0; path = "MVVM Movie.app"; sourceTree = BUILT_PRODUCTS_DIR; };
		A91EA6D229A661850090B0BB /* AppDelegate.swift */ = {isa = PBXFileReference; lastKnownFileType = sourcecode.swift; path = AppDelegate.swift; sourceTree = "<group>"; };
		A91EA6D429A661850090B0BB /* SceneDelegate.swift */ = {isa = PBXFileReference; lastKnownFileType = sourcecode.swift; path = SceneDelegate.swift; sourceTree = "<group>"; };
		A91EA6D629A661850090B0BB /* MovieHomeController.swift */ = {isa = PBXFileReference; lastKnownFileType = sourcecode.swift; path = MovieHomeController.swift; sourceTree = "<group>"; };
		A91EA6D929A661850090B0BB /* Base */ = {isa = PBXFileReference; lastKnownFileType = file.storyboard; name = Base; path = Base.lproj/Main.storyboard; sourceTree = "<group>"; };
		A91EA6DB29A661860090B0BB /* Assets.xcassets */ = {isa = PBXFileReference; lastKnownFileType = folder.assetcatalog; path = Assets.xcassets; sourceTree = "<group>"; };
		A91EA6DE29A661860090B0BB /* Base */ = {isa = PBXFileReference; lastKnownFileType = file.storyboard; name = Base; path = Base.lproj/LaunchScreen.storyboard; sourceTree = "<group>"; };
		A91EA6E029A661860090B0BB /* Info.plist */ = {isa = PBXFileReference; lastKnownFileType = text.plist.xml; path = Info.plist; sourceTree = "<group>"; };
		A91EA6E529A661860090B0BB /* MVVM MovieTests.xctest */ = {isa = PBXFileReference; explicitFileType = wrapper.cfbundle; includeInIndex = 0; path = "MVVM MovieTests.xctest"; sourceTree = BUILT_PRODUCTS_DIR; };
		A91EA6E929A661860090B0BB /* MVVM_MovieTests.swift */ = {isa = PBXFileReference; lastKnownFileType = sourcecode.swift; path = MVVM_MovieTests.swift; sourceTree = "<group>"; };
		A91EA6EF29A661860090B0BB /* MVVM MovieUITests.xctest */ = {isa = PBXFileReference; explicitFileType = wrapper.cfbundle; includeInIndex = 0; path = "MVVM MovieUITests.xctest"; sourceTree = BUILT_PRODUCTS_DIR; };
		A91EA6F329A661860090B0BB /* MVVM_MovieUITests.swift */ = {isa = PBXFileReference; lastKnownFileType = sourcecode.swift; path = MVVM_MovieUITests.swift; sourceTree = "<group>"; };
		A91EA6F529A661860090B0BB /* MVVM_MovieUITestsLaunchTests.swift */ = {isa = PBXFileReference; lastKnownFileType = sourcecode.swift; path = MVVM_MovieUITestsLaunchTests.swift; sourceTree = "<group>"; };
		A91EA71129A668D80090B0BB /* MovieModel.swift */ = {isa = PBXFileReference; lastKnownFileType = sourcecode.swift; path = MovieModel.swift; sourceTree = "<group>"; };
		A91EA71329A67C620090B0BB /* ServiceManager.swift */ = {isa = PBXFileReference; lastKnownFileType = sourcecode.swift; path = ServiceManager.swift; sourceTree = "<group>"; };
		A91EA71629A73D490090B0BB /* MovieHomeCell.swift */ = {isa = PBXFileReference; lastKnownFileType = sourcecode.swift; path = MovieHomeCell.swift; sourceTree = "<group>"; };
		A91EA71829A782060090B0BB /* MovieListViewModel.swift */ = {isa = PBXFileReference; lastKnownFileType = sourcecode.swift; path = MovieListViewModel.swift; sourceTree = "<group>"; };
		A91F731229B5E18A00662F21 /* MovieListViewModelDelegate.swift */ = {isa = PBXFileReference; lastKnownFileType = sourcecode.swift; path = MovieListViewModelDelegate.swift; sourceTree = "<group>"; };
		A975E8D429B23B080003FE20 /* ServiceManagerDelegate.swift */ = {isa = PBXFileReference; lastKnownFileType = sourcecode.swift; path = ServiceManagerDelegate.swift; sourceTree = "<group>"; };
		A9D0696229A8E6E2006D5432 /* ExtensionsAndEnum.swift */ = {isa = PBXFileReference; lastKnownFileType = sourcecode.swift; path = ExtensionsAndEnum.swift; sourceTree = "<group>"; };
		A9D0696629ACD319006D5432 /* OverviewVC.swift */ = {isa = PBXFileReference; lastKnownFileType = sourcecode.swift; path = OverviewVC.swift; sourceTree = "<group>"; };
/* End PBXFileReference section */

/* Begin PBXFrameworksBuildPhase section */
		A91EA6CC29A661850090B0BB /* Frameworks */ = {
			isa = PBXFrameworksBuildPhase;
			buildActionMask = 2147483647;
			files = (
			);
			runOnlyForDeploymentPostprocessing = 0;
		};
		A91EA6E229A661860090B0BB /* Frameworks */ = {
			isa = PBXFrameworksBuildPhase;
			buildActionMask = 2147483647;
			files = (
			);
			runOnlyForDeploymentPostprocessing = 0;
		};
		A91EA6EC29A661860090B0BB /* Frameworks */ = {
			isa = PBXFrameworksBuildPhase;
			buildActionMask = 2147483647;
			files = (
			);
			runOnlyForDeploymentPostprocessing = 0;
		};
/* End PBXFrameworksBuildPhase section */

/* Begin PBXGroup section */
		A91EA6C629A661850090B0BB = {
			isa = PBXGroup;
			children = (
				A91EA6D129A661850090B0BB /* MVVM Movie */,
				A91EA6E829A661860090B0BB /* MVVM MovieTests */,
				A91EA6F229A661860090B0BB /* MVVM MovieUITests */,
				A91EA6D029A661850090B0BB /* Products */,
			);
			sourceTree = "<group>";
		};
		A91EA6D029A661850090B0BB /* Products */ = {
			isa = PBXGroup;
			children = (
				A91EA6CF29A661850090B0BB /* MVVM Movie.app */,
				A91EA6E529A661860090B0BB /* MVVM MovieTests.xctest */,
				A91EA6EF29A661860090B0BB /* MVVM MovieUITests.xctest */,
			);
			name = Products;
			sourceTree = "<group>";
		};
		A91EA6D129A661850090B0BB /* MVVM Movie */ = {
			isa = PBXGroup;
			children = (
				A9D0696129A8E6D4006D5432 /* Extensions */,
				A91EA70829A664740090B0BB /* Service */,
				A91EA70B29A664FE0090B0BB /* Model */,
				A91EA70329A662080090B0BB /* View */,
				A91EA71529A73CA90090B0BB /* ViewModel */,
				A91EA70629A6622E0090B0BB /* Resources */,
				A91EA6D829A661850090B0BB /* Main.storyboard */,
				A91EA6DD29A661860090B0BB /* LaunchScreen.storyboard */,
				A91EA70729A6624B0090B0BB /* Support */,
			);
			path = "MVVM Movie";
			sourceTree = "<group>";
		};
		A91EA6E829A661860090B0BB /* MVVM MovieTests */ = {
			isa = PBXGroup;
			children = (
				A91EA6E929A661860090B0BB /* MVVM_MovieTests.swift */,
			);
			path = "MVVM MovieTests";
			sourceTree = "<group>";
		};
		A91EA6F229A661860090B0BB /* MVVM MovieUITests */ = {
			isa = PBXGroup;
			children = (
				A91EA6F329A661860090B0BB /* MVVM_MovieUITests.swift */,
				A91EA6F529A661860090B0BB /* MVVM_MovieUITestsLaunchTests.swift */,
			);
			path = "MVVM MovieUITests";
			sourceTree = "<group>";
		};
		A91EA70329A662080090B0BB /* View */ = {
			isa = PBXGroup;
			children = (
				A91EA6D629A661850090B0BB /* MovieHomeController.swift */,
				A9D0696629ACD319006D5432 /* OverviewVC.swift */,
				A91EA71629A73D490090B0BB /* MovieHomeCell.swift */,
				A91EA6D229A661850090B0BB /* AppDelegate.swift */,
				A91EA6D429A661850090B0BB /* SceneDelegate.swift */,
			);
			path = View;
			sourceTree = "<group>";
		};
		A91EA70629A6622E0090B0BB /* Resources */ = {
			isa = PBXGroup;
			children = (
				A91EA6DB29A661860090B0BB /* Assets.xcassets */,
			);
			path = Resources;
			sourceTree = "<group>";
		};
		A91EA70729A6624B0090B0BB /* Support */ = {
			isa = PBXGroup;
			children = (
				A91EA6E029A661860090B0BB /* Info.plist */,
			);
			path = Support;
			sourceTree = "<group>";
		};
		A91EA70829A664740090B0BB /* Service */ = {
			isa = PBXGroup;
			children = (
				A91EA71329A67C620090B0BB /* ServiceManager.swift */,
				A975E8D429B23B080003FE20 /* ServiceManagerDelegate.swift */,
			);
			path = Service;
			sourceTree = "<group>";
		};
		A91EA70B29A664FE0090B0BB /* Model */ = {
			isa = PBXGroup;
			children = (
				A91EA71129A668D80090B0BB /* MovieModel.swift */,
			);
			path = Model;
			sourceTree = "<group>";
		};
		A91EA71529A73CA90090B0BB /* ViewModel */ = {
			isa = PBXGroup;
			children = (
				A91EA71829A782060090B0BB /* MovieListViewModel.swift */,
				A91F731229B5E18A00662F21 /* MovieListViewModelDelegate.swift */,
			);
			path = ViewModel;
			sourceTree = "<group>";
		};
		A9D0696129A8E6D4006D5432 /* Extensions */ = {
			isa = PBXGroup;
			children = (
				A9D0696229A8E6E2006D5432 /* ExtensionsAndEnum.swift */,
			);
			path = Extensions;
			sourceTree = "<group>";
		};
/* End PBXGroup section */

/* Begin PBXNativeTarget section */
		A91EA6CE29A661850090B0BB /* MVVM Movie */ = {
			isa = PBXNativeTarget;
			buildConfigurationList = A91EA6F929A661860090B0BB /* Build configuration list for PBXNativeTarget "MVVM Movie" */;
			buildPhases = (
				A91EA6CB29A661850090B0BB /* Sources */,
				A91EA6CC29A661850090B0BB /* Frameworks */,
				A91EA6CD29A661850090B0BB /* Resources */,
			);
			buildRules = (
			);
			dependencies = (
			);
			name = "MVVM Movie";
			packageProductDependencies = (
			);
			productName = "MVVM Movie";
			productReference = A91EA6CF29A661850090B0BB /* MVVM Movie.app */;
			productType = "com.apple.product-type.application";
		};
		A91EA6E429A661860090B0BB /* MVVM MovieTests */ = {
			isa = PBXNativeTarget;
			buildConfigurationList = A91EA6FC29A661860090B0BB /* Build configuration list for PBXNativeTarget "MVVM MovieTests" */;
			buildPhases = (
				A91EA6E129A661860090B0BB /* Sources */,
				A91EA6E229A661860090B0BB /* Frameworks */,
				A91EA6E329A661860090B0BB /* Resources */,
			);
			buildRules = (
			);
			dependencies = (
				A91EA6E729A661860090B0BB /* PBXTargetDependency */,
			);
			name = "MVVM MovieTests";
			productName = "MVVM MovieTests";
			productReference = A91EA6E529A661860090B0BB /* MVVM MovieTests.xctest */;
			productType = "com.apple.product-type.bundle.unit-test";
		};
		A91EA6EE29A661860090B0BB /* MVVM MovieUITests */ = {
			isa = PBXNativeTarget;
			buildConfigurationList = A91EA6FF29A661860090B0BB /* Build configuration list for PBXNativeTarget "MVVM MovieUITests" */;
			buildPhases = (
				A91EA6EB29A661860090B0BB /* Sources */,
				A91EA6EC29A661860090B0BB /* Frameworks */,
				A91EA6ED29A661860090B0BB /* Resources */,
			);
			buildRules = (
			);
			dependencies = (
				A91EA6F129A661860090B0BB /* PBXTargetDependency */,
			);
			name = "MVVM MovieUITests";
			productName = "MVVM MovieUITests";
			productReference = A91EA6EF29A661860090B0BB /* MVVM MovieUITests.xctest */;
			productType = "com.apple.product-type.bundle.ui-testing";
		};
/* End PBXNativeTarget section */

/* Begin PBXProject section */
		A91EA6C729A661850090B0BB /* Project object */ = {
			isa = PBXProject;
			attributes = {
				BuildIndependentTargetsInParallel = 1;
				LastSwiftUpdateCheck = 1420;
				LastUpgradeCheck = 1420;
				TargetAttributes = {
					A91EA6CE29A661850090B0BB = {
						CreatedOnToolsVersion = 14.2;
					};
					A91EA6E429A661860090B0BB = {
						CreatedOnToolsVersion = 14.2;
						TestTargetID = A91EA6CE29A661850090B0BB;
					};
					A91EA6EE29A661860090B0BB = {
						CreatedOnToolsVersion = 14.2;
						TestTargetID = A91EA6CE29A661850090B0BB;
					};
				};
			};
			buildConfigurationList = A91EA6CA29A661850090B0BB /* Build configuration list for PBXProject "MVVM Movie" */;
			compatibilityVersion = "Xcode 14.0";
			developmentRegion = en;
			hasScannedForEncodings = 0;
			knownRegions = (
				en,
				Base,
			);
			mainGroup = A91EA6C629A661850090B0BB;
			packageReferences = (
			);
			productRefGroup = A91EA6D029A661850090B0BB /* Products */;
			projectDirPath = "";
			projectRoot = "";
			targets = (
				A91EA6CE29A661850090B0BB /* MVVM Movie */,
				A91EA6E429A661860090B0BB /* MVVM MovieTests */,
				A91EA6EE29A661860090B0BB /* MVVM MovieUITests */,
			);
		};
/* End PBXProject section */

/* Begin PBXResourcesBuildPhase section */
		A91EA6CD29A661850090B0BB /* Resources */ = {
			isa = PBXResourcesBuildPhase;
			buildActionMask = 2147483647;
			files = (
				A91EA6DF29A661860090B0BB /* LaunchScreen.storyboard in Resources */,
				A91EA6DC29A661860090B0BB /* Assets.xcassets in Resources */,
				A91EA6DA29A661850090B0BB /* Main.storyboard in Resources */,
			);
			runOnlyForDeploymentPostprocessing = 0;
		};
		A91EA6E329A661860090B0BB /* Resources */ = {
			isa = PBXResourcesBuildPhase;
			buildActionMask = 2147483647;
			files = (
			);
			runOnlyForDeploymentPostprocessing = 0;
		};
		A91EA6ED29A661860090B0BB /* Resources */ = {
			isa = PBXResourcesBuildPhase;
			buildActionMask = 2147483647;
			files = (
			);
			runOnlyForDeploymentPostprocessing = 0;
		};
/* End PBXResourcesBuildPhase section */

/* Begin PBXSourcesBuildPhase section */
		A91EA6CB29A661850090B0BB /* Sources */ = {
			isa = PBXSourcesBuildPhase;
			buildActionMask = 2147483647;
			files = (
				A91EA71229A668D80090B0BB /* MovieModel.swift in Sources */,
				A9D0696729ACD319006D5432 /* OverviewVC.swift in Sources */,
				A91EA71729A73D490090B0BB /* MovieHomeCell.swift in Sources */,
				A91EA6D729A661850090B0BB /* MovieHomeController.swift in Sources */,
				A9D0696329A8E6E2006D5432 /* ExtensionsAndEnum.swift in Sources */,
				A91EA6D329A661850090B0BB /* AppDelegate.swift in Sources */,
				A975E8D529B23B080003FE20 /* ServiceManagerDelegate.swift in Sources */,
				A91F731329B5E18A00662F21 /* MovieListViewModelDelegate.swift in Sources */,
				A91EA6D529A661850090B0BB /* SceneDelegate.swift in Sources */,
				A91EA71429A67C620090B0BB /* ServiceManager.swift in Sources */,
				A91EA71929A782060090B0BB /* MovieListViewModel.swift in Sources */,
			);
			runOnlyForDeploymentPostprocessing = 0;
		};
		A91EA6E129A661860090B0BB /* Sources */ = {
			isa = PBXSourcesBuildPhase;
			buildActionMask = 2147483647;
			files = (
				A91EA6EA29A661860090B0BB /* MVVM_MovieTests.swift in Sources */,
			);
			runOnlyForDeploymentPostprocessing = 0;
		};
		A91EA6EB29A661860090B0BB /* Sources */ = {
			isa = PBXSourcesBuildPhase;
			buildActionMask = 2147483647;
			files = (
				A91EA6F429A661860090B0BB /* MVVM_MovieUITests.swift in Sources */,
				A91EA6F629A661860090B0BB /* MVVM_MovieUITestsLaunchTests.swift in Sources */,
			);
			runOnlyForDeploymentPostprocessing = 0;
		};
/* End PBXSourcesBuildPhase section */

/* Begin PBXTargetDependency section */
		A91EA6E729A661860090B0BB /* PBXTargetDependency */ = {
			isa = PBXTargetDependency;
			target = A91EA6CE29A661850090B0BB /* MVVM Movie */;
			targetProxy = A91EA6E629A661860090B0BB /* PBXContainerItemProxy */;
		};
		A91EA6F129A661860090B0BB /* PBXTargetDependency */ = {
			isa = PBXTargetDependency;
			target = A91EA6CE29A661850090B0BB /* MVVM Movie */;
			targetProxy = A91EA6F029A661860090B0BB /* PBXContainerItemProxy */;
		};
/* End PBXTargetDependency section */

/* Begin PBXVariantGroup section */
		A91EA6D829A661850090B0BB /* Main.storyboard */ = {
			isa = PBXVariantGroup;
			children = (
				A91EA6D929A661850090B0BB /* Base */,
			);
			name = Main.storyboard;
			sourceTree = "<group>";
		};
		A91EA6DD29A661860090B0BB /* LaunchScreen.storyboard */ = {
			isa = PBXVariantGroup;
			children = (
				A91EA6DE29A661860090B0BB /* Base */,
			);
			name = LaunchScreen.storyboard;
			sourceTree = "<group>";
		};
/* End PBXVariantGroup section */

/* Begin XCBuildConfiguration section */
		A91EA6F729A661860090B0BB /* Debug */ = {
			isa = XCBuildConfiguration;
			buildSettings = {
				ALWAYS_SEARCH_USER_PATHS = NO;
				CLANG_ANALYZER_NONNULL = YES;
				CLANG_ANALYZER_NUMBER_OBJECT_CONVERSION = YES_AGGRESSIVE;
				CLANG_CXX_LANGUAGE_STANDARD = "gnu++20";
				CLANG_ENABLE_MODULES = YES;
				CLANG_ENABLE_OBJC_ARC = YES;
				CLANG_ENABLE_OBJC_WEAK = YES;
				CLANG_WARN_BLOCK_CAPTURE_AUTORELEASING = YES;
				CLANG_WARN_BOOL_CONVERSION = YES;
				CLANG_WARN_COMMA = YES;
				CLANG_WARN_CONSTANT_CONVERSION = YES;
				CLANG_WARN_DEPRECATED_OBJC_IMPLEMENTATIONS = YES;
				CLANG_WARN_DIRECT_OBJC_ISA_USAGE = YES_ERROR;
				CLANG_WARN_DOCUMENTATION_COMMENTS = YES;
				CLANG_WARN_EMPTY_BODY = YES;
				CLANG_WARN_ENUM_CONVERSION = YES;
				CLANG_WARN_INFINITE_RECURSION = YES;
				CLANG_WARN_INT_CONVERSION = YES;
				CLANG_WARN_NON_LITERAL_NULL_CONVERSION = YES;
				CLANG_WARN_OBJC_IMPLICIT_RETAIN_SELF = YES;
				CLANG_WARN_OBJC_LITERAL_CONVERSION = YES;
				CLANG_WARN_OBJC_ROOT_CLASS = YES_ERROR;
				CLANG_WARN_QUOTED_INCLUDE_IN_FRAMEWORK_HEADER = YES;
				CLANG_WARN_RANGE_LOOP_ANALYSIS = YES;
				CLANG_WARN_STRICT_PROTOTYPES = YES;
				CLANG_WARN_SUSPICIOUS_MOVE = YES;
				CLANG_WARN_UNGUARDED_AVAILABILITY = YES_AGGRESSIVE;
				CLANG_WARN_UNREACHABLE_CODE = YES;
				CLANG_WARN__DUPLICATE_METHOD_MATCH = YES;
				COPY_PHASE_STRIP = NO;
				DEBUG_INFORMATION_FORMAT = dwarf;
				ENABLE_STRICT_OBJC_MSGSEND = YES;
				ENABLE_TESTABILITY = YES;
				GCC_C_LANGUAGE_STANDARD = gnu11;
				GCC_DYNAMIC_NO_PIC = NO;
				GCC_NO_COMMON_BLOCKS = YES;
				GCC_OPTIMIZATION_LEVEL = 0;
				GCC_PREPROCESSOR_DEFINITIONS = (
					"DEBUG=1",
					"$(inherited)",
				);
				GCC_WARN_64_TO_32_BIT_CONVERSION = YES;
				GCC_WARN_ABOUT_RETURN_TYPE = YES_ERROR;
				GCC_WARN_UNDECLARED_SELECTOR = YES;
				GCC_WARN_UNINITIALIZED_AUTOS = YES_AGGRESSIVE;
				GCC_WARN_UNUSED_FUNCTION = YES;
				GCC_WARN_UNUSED_VARIABLE = YES;
				IPHONEOS_DEPLOYMENT_TARGET = 16.2;
				MTL_ENABLE_DEBUG_INFO = INCLUDE_SOURCE;
				MTL_FAST_MATH = YES;
				ONLY_ACTIVE_ARCH = YES;
				SDKROOT = iphoneos;
				SWIFT_ACTIVE_COMPILATION_CONDITIONS = DEBUG;
				SWIFT_OPTIMIZATION_LEVEL = "-Onone";
			};
			name = Debug;
		};
		A91EA6F829A661860090B0BB /* Release */ = {
			isa = XCBuildConfiguration;
			buildSettings = {
				ALWAYS_SEARCH_USER_PATHS = NO;
				CLANG_ANALYZER_NONNULL = YES;
				CLANG_ANALYZER_NUMBER_OBJECT_CONVERSION = YES_AGGRESSIVE;
				CLANG_CXX_LANGUAGE_STANDARD = "gnu++20";
				CLANG_ENABLE_MODULES = YES;
				CLANG_ENABLE_OBJC_ARC = YES;
				CLANG_ENABLE_OBJC_WEAK = YES;
				CLANG_WARN_BLOCK_CAPTURE_AUTORELEASING = YES;
				CLANG_WARN_BOOL_CONVERSION = YES;
				CLANG_WARN_COMMA = YES;
				CLANG_WARN_CONSTANT_CONVERSION = YES;
				CLANG_WARN_DEPRECATED_OBJC_IMPLEMENTATIONS = YES;
				CLANG_WARN_DIRECT_OBJC_ISA_USAGE = YES_ERROR;
				CLANG_WARN_DOCUMENTATION_COMMENTS = YES;
				CLANG_WARN_EMPTY_BODY = YES;
				CLANG_WARN_ENUM_CONVERSION = YES;
				CLANG_WARN_INFINITE_RECURSION = YES;
				CLANG_WARN_INT_CONVERSION = YES;
				CLANG_WARN_NON_LITERAL_NULL_CONVERSION = YES;
				CLANG_WARN_OBJC_IMPLICIT_RETAIN_SELF = YES;
				CLANG_WARN_OBJC_LITERAL_CONVERSION = YES;
				CLANG_WARN_OBJC_ROOT_CLASS = YES_ERROR;
				CLANG_WARN_QUOTED_INCLUDE_IN_FRAMEWORK_HEADER = YES;
				CLANG_WARN_RANGE_LOOP_ANALYSIS = YES;
				CLANG_WARN_STRICT_PROTOTYPES = YES;
				CLANG_WARN_SUSPICIOUS_MOVE = YES;
				CLANG_WARN_UNGUARDED_AVAILABILITY = YES_AGGRESSIVE;
				CLANG_WARN_UNREACHABLE_CODE = YES;
				CLANG_WARN__DUPLICATE_METHOD_MATCH = YES;
				COPY_PHASE_STRIP = NO;
				DEBUG_INFORMATION_FORMAT = "dwarf-with-dsym";
				ENABLE_NS_ASSERTIONS = NO;
				ENABLE_STRICT_OBJC_MSGSEND = YES;
				GCC_C_LANGUAGE_STANDARD = gnu11;
				GCC_NO_COMMON_BLOCKS = YES;
				GCC_WARN_64_TO_32_BIT_CONVERSION = YES;
				GCC_WARN_ABOUT_RETURN_TYPE = YES_ERROR;
				GCC_WARN_UNDECLARED_SELECTOR = YES;
				GCC_WARN_UNINITIALIZED_AUTOS = YES_AGGRESSIVE;
				GCC_WARN_UNUSED_FUNCTION = YES;
				GCC_WARN_UNUSED_VARIABLE = YES;
				IPHONEOS_DEPLOYMENT_TARGET = 16.2;
				MTL_ENABLE_DEBUG_INFO = NO;
				MTL_FAST_MATH = YES;
				SDKROOT = iphoneos;
				SWIFT_COMPILATION_MODE = wholemodule;
				SWIFT_OPTIMIZATION_LEVEL = "-O";
				VALIDATE_PRODUCT = YES;
			};
			name = Release;
		};
		A91EA6FA29A661860090B0BB /* Debug */ = {
			isa = XCBuildConfiguration;
			buildSettings = {
				ASSETCATALOG_COMPILER_APPICON_NAME = AppIcon;
				ASSETCATALOG_COMPILER_GLOBAL_ACCENT_COLOR_NAME = AccentColor;
				CODE_SIGN_STYLE = Automatic;
				CURRENT_PROJECT_VERSION = 1;
				DEVELOPMENT_TEAM = 5D27LBTNA4;
				GENERATE_INFOPLIST_FILE = YES;
				INFOPLIST_FILE = "MVVM Movie/Support/Info.plist";
				INFOPLIST_KEY_UIApplicationSupportsIndirectInputEvents = YES;
				INFOPLIST_KEY_UILaunchStoryboardName = LaunchScreen;
				INFOPLIST_KEY_UIMainStoryboardFile = Main;
				INFOPLIST_KEY_UIStatusBarStyle = "";
				INFOPLIST_KEY_UISupportedInterfaceOrientations_iPad = "UIInterfaceOrientationLandscapeLeft UIInterfaceOrientationLandscapeRight UIInterfaceOrientationPortrait UIInterfaceOrientationPortraitUpsideDown";
				IPHONEOS_DEPLOYMENT_TARGET = 14.0;
				LD_RUNPATH_SEARCH_PATHS = (
					"$(inherited)",
					"@executable_path/Frameworks",
				);
				MARKETING_VERSION = 1.0;
				PRODUCT_BUNDLE_IDENTIFIER = "Halil-Dikisli.MVVM-Movie";
				PRODUCT_NAME = "$(TARGET_NAME)";
				SUPPORTED_PLATFORMS = "iphoneos iphonesimulator";
				SUPPORTS_MACCATALYST = NO;
				SUPPORTS_MAC_DESIGNED_FOR_IPHONE_IPAD = NO;
				SWIFT_EMIT_LOC_STRINGS = YES;
				SWIFT_VERSION = 5.0;
				TARGETED_DEVICE_FAMILY = 1;
			};
			name = Debug;
		};
		A91EA6FB29A661860090B0BB /* Release */ = {
			isa = XCBuildConfiguration;
			buildSettings = {
				ASSETCATALOG_COMPILER_APPICON_NAME = AppIcon;
				ASSETCATALOG_COMPILER_GLOBAL_ACCENT_COLOR_NAME = AccentColor;
				CODE_SIGN_STYLE = Automatic;
				CURRENT_PROJECT_VERSION = 1;
				DEVELOPMENT_TEAM = 5D27LBTNA4;
				GENERATE_INFOPLIST_FILE = YES;
				INFOPLIST_FILE = "MVVM Movie/Support/Info.plist";
				INFOPLIST_KEY_UIApplicationSupportsIndirectInputEvents = YES;
				INFOPLIST_KEY_UILaunchStoryboardName = LaunchScreen;
				INFOPLIST_KEY_UIMainStoryboardFile = Main;
				INFOPLIST_KEY_UIStatusBarStyle = "";
				INFOPLIST_KEY_UISupportedInterfaceOrientations_iPad = "UIInterfaceOrientationLandscapeLeft UIInterfaceOrientationLandscapeRight UIInterfaceOrientationPortrait UIInterfaceOrientationPortraitUpsideDown";
				IPHONEOS_DEPLOYMENT_TARGET = 14.0;
				LD_RUNPATH_SEARCH_PATHS = (
					"$(inherited)",
					"@executable_path/Frameworks",
				);
				MARKETING_VERSION = 1.0;
				PRODUCT_BUNDLE_IDENTIFIER = "Halil-Dikisli.MVVM-Movie";
				PRODUCT_NAME = "$(TARGET_NAME)";
				SUPPORTED_PLATFORMS = "iphoneos iphonesimulator";
				SUPPORTS_MACCATALYST = NO;
				SUPPORTS_MAC_DESIGNED_FOR_IPHONE_IPAD = NO;
				SWIFT_EMIT_LOC_STRINGS = YES;
				SWIFT_VERSION = 5.0;
				TARGETED_DEVICE_FAMILY = 1;
			};
			name = Release;
		};
		A91EA6FD29A661860090B0BB /* Debug */ = {
			isa = XCBuildConfiguration;
			buildSettings = {
				ALWAYS_EMBED_SWIFT_STANDARD_LIBRARIES = YES;
				BUNDLE_LOADER = "$(TEST_HOST)";
				CODE_SIGN_STYLE = Automatic;
				CURRENT_PROJECT_VERSION = 1;
				DEVELOPMENT_TEAM = 5D27LBTNA4;
				GENERATE_INFOPLIST_FILE = YES;
				IPHONEOS_DEPLOYMENT_TARGET = 16.2;
				MARKETING_VERSION = 1.0;
				PRODUCT_BUNDLE_IDENTIFIER = "Halil-Dikisli.MVVM-MovieTests";
				PRODUCT_NAME = "$(TARGET_NAME)";
				SWIFT_EMIT_LOC_STRINGS = NO;
				SWIFT_VERSION = 5.0;
				TARGETED_DEVICE_FAMILY = "1,2";
				TEST_HOST = "$(BUILT_PRODUCTS_DIR)/MVVM Movie.app/$(BUNDLE_EXECUTABLE_FOLDER_PATH)/MVVM Movie";
			};
			name = Debug;
		};
		A91EA6FE29A661860090B0BB /* Release */ = {
			isa = XCBuildConfiguration;
			buildSettings = {
				ALWAYS_EMBED_SWIFT_STANDARD_LIBRARIES = YES;
				BUNDLE_LOADER = "$(TEST_HOST)";
				CODE_SIGN_STYLE = Automatic;
				CURRENT_PROJECT_VERSION = 1;
				DEVELOPMENT_TEAM = 5D27LBTNA4;
				GENERATE_INFOPLIST_FILE = YES;
				IPHONEOS_DEPLOYMENT_TARGET = 16.2;
				MARKETING_VERSION = 1.0;
				PRODUCT_BUNDLE_IDENTIFIER = "Halil-Dikisli.MVVM-MovieTests";
				PRODUCT_NAME = "$(TARGET_NAME)";
				SWIFT_EMIT_LOC_STRINGS = NO;
				SWIFT_VERSION = 5.0;
				TARGETED_DEVICE_FAMILY = "1,2";
				TEST_HOST = "$(BUILT_PRODUCTS_DIR)/MVVM Movie.app/$(BUNDLE_EXECUTABLE_FOLDER_PATH)/MVVM Movie";
			};
			name = Release;
		};
		A91EA70029A661860090B0BB /* Debug */ = {
			isa = XCBuildConfiguration;
			buildSettings = {
				ALWAYS_EMBED_SWIFT_STANDARD_LIBRARIES = YES;
				CODE_SIGN_STYLE = Automatic;
				CURRENT_PROJECT_VERSION = 1;
				DEVELOPMENT_TEAM = 5D27LBTNA4;
				GENERATE_INFOPLIST_FILE = YES;
				MARKETING_VERSION = 1.0;
				PRODUCT_BUNDLE_IDENTIFIER = "Halil-Dikisli.MVVM-MovieUITests";
				PRODUCT_NAME = "$(TARGET_NAME)";
				SWIFT_EMIT_LOC_STRINGS = NO;
				SWIFT_VERSION = 5.0;
				TARGETED_DEVICE_FAMILY = "1,2";
				TEST_TARGET_NAME = "MVVM Movie";
			};
			name = Debug;
		};
		A91EA70129A661860090B0BB /* Release */ = {
			isa = XCBuildConfiguration;
			buildSettings = {
				ALWAYS_EMBED_SWIFT_STANDARD_LIBRARIES = YES;
				CODE_SIGN_STYLE = Automatic;
				CURRENT_PROJECT_VERSION = 1;
				DEVELOPMENT_TEAM = 5D27LBTNA4;
				GENERATE_INFOPLIST_FILE = YES;
				MARKETING_VERSION = 1.0;
				PRODUCT_BUNDLE_IDENTIFIER = "Halil-Dikisli.MVVM-MovieUITests";
				PRODUCT_NAME = "$(TARGET_NAME)";
				SWIFT_EMIT_LOC_STRINGS = NO;
				SWIFT_VERSION = 5.0;
				TARGETED_DEVICE_FAMILY = "1,2";
				TEST_TARGET_NAME = "MVVM Movie";
			};
			name = Release;
		};
/* End XCBuildConfiguration section */

/* Begin XCConfigurationList section */
		A91EA6CA29A661850090B0BB /* Build configuration list for PBXProject "MVVM Movie" */ = {
			isa = XCConfigurationList;
			buildConfigurations = (
				A91EA6F729A661860090B0BB /* Debug */,
				A91EA6F829A661860090B0BB /* Release */,
			);
			defaultConfigurationIsVisible = 0;
			defaultConfigurationName = Release;
		};
		A91EA6F929A661860090B0BB /* Build configuration list for PBXNativeTarget "MVVM Movie" */ = {
			isa = XCConfigurationList;
			buildConfigurations = (
				A91EA6FA29A661860090B0BB /* Debug */,
				A91EA6FB29A661860090B0BB /* Release */,
			);
			defaultConfigurationIsVisible = 0;
			defaultConfigurationName = Release;
		};
		A91EA6FC29A661860090B0BB /* Build configuration list for PBXNativeTarget "MVVM MovieTests" */ = {
			isa = XCConfigurationList;
			buildConfigurations = (
				A91EA6FD29A661860090B0BB /* Debug */,
				A91EA6FE29A661860090B0BB /* Release */,
			);
			defaultConfigurationIsVisible = 0;
			defaultConfigurationName = Release;
		};
		A91EA6FF29A661860090B0BB /* Build configuration list for PBXNativeTarget "MVVM MovieUITests" */ = {
			isa = XCConfigurationList;
			buildConfigurations = (
				A91EA70029A661860090B0BB /* Debug */,
				A91EA70129A661860090B0BB /* Release */,
			);
			defaultConfigurationIsVisible = 0;
			defaultConfigurationName = Release;
		};
/* End XCConfigurationList section */
	};
	rootObject = A91EA6C729A661850090B0BB /* Project object */;
}
